{
  "originHash" : "b02c55bfe1b824f6b2307fe0285c7822fb8ba8e5d03731faf6279d073c423844",
  "pins" : [
    {
      "identity" : "fp-swift",
      "kind" : "remoteSourceControl",
      "location" : "https://github.com/velocityzen/fp-swift.git",
      "state" : {
        "revision" : "5f4b5e6245d1ae598b3b195ea4aa530a70d8f3b9",
        "version" : "1.1.1"
      }
    }
  ],
  "version" : 3
}
