{
  "originHash" : "8d9f3f13c4e8b9ad170c9bb612c08ace0db7314573ccead4d05623feb8b714d0",
  "pins" : [
    {
      "identity" : "fp-swift",
      "kind" : "remoteSourceControl",
      "location" : "https://github.com/velocityzen/fp-swift.git",
      "state" : {
        "revision" : "3256fe5dda72d82610a73f0266983fdd72d3d166",
        "version" : "2.0.0"
      }
    }
  ],
  "version" : 3
}
